// !$*UTF8*$!
{
	archiveVersion = 1;
	classes = {
	};
	objectVersion = 55;
	objects = {

/* Begin PBXBuildFile section */
		991BF9C926EA2EE0009E4D5D /* Navigation.storyboard in Resources */ = {isa = PBXBuildFile; fileRef = 991BF9C826EA2EE0009E4D5D /* Navigation.storyboard */; };
		991BF9CB26EA2F34009E4D5D /* secondNavigationViewController.swift in Sources */ = {isa = PBXBuildFile; fileRef = 991BF9CA26EA2F34009E4D5D /* secondNavigationViewController.swift */; };
		991BF9CD26EA2F60009E4D5D /* thirdNavigationViewController.swift in Sources */ = {isa = PBXBuildFile; fileRef = 991BF9CC26EA2F60009E4D5D /* thirdNavigationViewController.swift */; };
		992A5E0A26FA3BFB0075E7AE /* HeaderFooterView.swift in Sources */ = {isa = PBXBuildFile; fileRef = 992A5E0926FA3BFB0075E7AE /* HeaderFooterView.swift */; };
		992A5E0C26FA3C0B0075E7AE /* HeaderFooterView.xib in Resources */ = {isa = PBXBuildFile; fileRef = 992A5E0B26FA3C0B0075E7AE /* HeaderFooterView.xib */; };
		993083A126F8A00000631B17 /* PostControl.swift in Sources */ = {isa = PBXBuildFile; fileRef = 993083A026F8A00000631B17 /* PostControl.swift */; };
		993A444427282E5C00037674 /* Realm in Frameworks */ = {isa = PBXBuildFile; productRef = 993A444327282E5C00037674 /* Realm */; };
		993A444627282E5C00037674 /* RealmSwift in Frameworks */ = {isa = PBXBuildFile; productRef = 993A444527282E5C00037674 /* RealmSwift */; };
		9942152926E26E51007F635F /* AppDelegate.swift in Sources */ = {isa = PBXBuildFile; fileRef = 9942152826E26E51007F635F /* AppDelegate.swift */; };
		9942152B26E26E51007F635F /* SceneDelegate.swift in Sources */ = {isa = PBXBuildFile; fileRef = 9942152A26E26E51007F635F /* SceneDelegate.swift */; };
		9942152D26E26E51007F635F /* mainViewController.swift in Sources */ = {isa = PBXBuildFile; fileRef = 9942152C26E26E51007F635F /* mainViewController.swift */; };
		9942153026E26E51007F635F /* Main.storyboard in Resources */ = {isa = PBXBuildFile; fileRef = 9942152E26E26E51007F635F /* Main.storyboard */; };
		9942153226E26E52007F635F /* Assets.xcassets in Resources */ = {isa = PBXBuildFile; fileRef = 9942153126E26E52007F635F /* Assets.xcassets */; };
		9942153526E26E52007F635F /* LaunchScreen.storyboard in Resources */ = {isa = PBXBuildFile; fileRef = 9942153326E26E52007F635F /* LaunchScreen.storyboard */; };
		9942949126EF40FD00E02EEF /* Constants.swift in Sources */ = {isa = PBXBuildFile; fileRef = 9942949026EF40FD00E02EEF /* Constants.swift */; };
		994732FF26F4E0E30022B6AD /* PostViewController.swift in Sources */ = {isa = PBXBuildFile; fileRef = 994732FE26F4E0E30022B6AD /* PostViewController.swift */; };
		9947330226F4E1310022B6AD /* UserPost.storyboard in Resources */ = {isa = PBXBuildFile; fileRef = 9947330126F4E1310022B6AD /* UserPost.storyboard */; };
		994D98B026E916F900565D1C /* DebugMenu.storyboard in Resources */ = {isa = PBXBuildFile; fileRef = 994D98AF26E916F900565D1C /* DebugMenu.storyboard */; };
		994D98B426E9173E00565D1C /* DebugMenuViewController.swift in Sources */ = {isa = PBXBuildFile; fileRef = 994D98B326E9173E00565D1C /* DebugMenuViewController.swift */; };
		994D98B726E9210B00565D1C /* TabPlayViewController.swift in Sources */ = {isa = PBXBuildFile; fileRef = 994D98B626E9210B00565D1C /* TabPlayViewController.swift */; };
		994D98B926E927B300565D1C /* TabPlay.storyboard in Resources */ = {isa = PBXBuildFile; fileRef = 994D98B826E927B300565D1C /* TabPlay.storyboard */; };
		9951D7D826EA2E61004951F4 /* firstNavigationViewController.swift in Sources */ = {isa = PBXBuildFile; fileRef = 9951D7D726EA2E61004951F4 /* firstNavigationViewController.swift */; };
		996220F626EA25770004A508 /* secondTabViewController.swift in Sources */ = {isa = PBXBuildFile; fileRef = 996220F526EA25770004A508 /* secondTabViewController.swift */; };
		996220F826EA26440004A508 /* thirdTabViewController.swift in Sources */ = {isa = PBXBuildFile; fileRef = 996220F726EA26440004A508 /* thirdTabViewController.swift */; };
		9964025C2719D9520015CA09 /* NavigationViewController.swift in Sources */ = {isa = PBXBuildFile; fileRef = 9964025B2719D9520015CA09 /* NavigationViewController.swift */; };
		9964025E2719DD590015CA09 /* CustomPushAnimator.swift in Sources */ = {isa = PBXBuildFile; fileRef = 9964025D2719DD590015CA09 /* CustomPushAnimator.swift */; };
		996402602719E0E40015CA09 /* CustomPopAnimator.swift in Sources */ = {isa = PBXBuildFile; fileRef = 9964025F2719E0E40015CA09 /* CustomPopAnimator.swift */; };
		996494A62706EC1800C42EDF /* AnimationOfImageViewController.swift in Sources */ = {isa = PBXBuildFile; fileRef = 996494A52706EC1800C42EDF /* AnimationOfImageViewController.swift */; };
		996494A82706EC3800C42EDF /* AnimationOfImages.storyboard in Resources */ = {isa = PBXBuildFile; fileRef = 996494A72706EC3800C42EDF /* AnimationOfImages.storyboard */; };
		996494AA270711BB00C42EDF /* ImageAnimation.swift in Sources */ = {isa = PBXBuildFile; fileRef = 996494A9270711BB00C42EDF /* ImageAnimation.swift */; };
		996494AC27072AA400C42EDF /* LoadingAnimationView.swift in Sources */ = {isa = PBXBuildFile; fileRef = 996494AB27072AA400C42EDF /* LoadingAnimationView.swift */; };
		9966043727030EB90023EBA2 /* avatarPushingAnimation.swift in Sources */ = {isa = PBXBuildFile; fileRef = 9966043627030EB90023EBA2 /* avatarPushingAnimation.swift */; };
		99660439270317390023EBA2 /* likeAnimation.swift in Sources */ = {isa = PBXBuildFile; fileRef = 99660438270317390023EBA2 /* likeAnimation.swift */; };
		996729BF271D897700774E18 /* Session.swift in Sources */ = {isa = PBXBuildFile; fileRef = 996729BE271D897700774E18 /* Session.swift */; };
		9969934B2726F214003881D4 /* Group.swift in Sources */ = {isa = PBXBuildFile; fileRef = 9969934A2726F214003881D4 /* Group.swift */; };
		9969934D2726F956003881D4 /* GroupSearch.swift in Sources */ = {isa = PBXBuildFile; fileRef = 9969934C2726F956003881D4 /* GroupSearch.swift */; };
		9969B0AA2714753B009545CE /* PresentationAnimator.swift in Sources */ = {isa = PBXBuildFile; fileRef = 9969B0A92714753B009545CE /* PresentationAnimator.swift */; };
		9969B0AC271478CF009545CE /* SmoothViewController.swift in Sources */ = {isa = PBXBuildFile; fileRef = 9969B0AB271478CF009545CE /* SmoothViewController.swift */; };
		996B87EC272172110094B326 /* FriendsListViewController.swift in Sources */ = {isa = PBXBuildFile; fileRef = 996B87EB272172110094B326 /* FriendsListViewController.swift */; };
		996B87EE272172240094B326 /* FriendsList.storyboard in Resources */ = {isa = PBXBuildFile; fileRef = 996B87ED272172240094B326 /* FriendsList.storyboard */; };
		996B87F027217CAD0094B326 /* PhotosAPI.swift in Sources */ = {isa = PBXBuildFile; fileRef = 996B87EF27217CAD0094B326 /* PhotosAPI.swift */; };
		996B87F22721AE710094B326 /* GroupsAPI.swift in Sources */ = {isa = PBXBuildFile; fileRef = 996B87F12721AE710094B326 /* GroupsAPI.swift */; };
		996B87F42721B2D00094B326 /* GroupsSearchAPI.swift in Sources */ = {isa = PBXBuildFile; fileRef = 996B87F32721B2D00094B326 /* GroupsSearchAPI.swift */; };
		9971A7BF26F0FA12007A7A9F /* DrawingTableViewCell.swift in Sources */ = {isa = PBXBuildFile; fileRef = 9971A7BD26F0FA12007A7A9F /* DrawingTableViewCell.swift */; };
		9971A7C026F0FA12007A7A9F /* DrawingTableViewCell.xib in Resources */ = {isa = PBXBuildFile; fileRef = 9971A7BE26F0FA12007A7A9F /* DrawingTableViewCell.xib */; };
		997481452733F518002D915B /* PhotoDatabase.swift in Sources */ = {isa = PBXBuildFile; fileRef = 997481442733F518002D915B /* PhotoDatabase.swift */; };
		997481472734100E002D915B /* GroupDatabase.swift in Sources */ = {isa = PBXBuildFile; fileRef = 997481462734100E002D915B /* GroupDatabase.swift */; };
		99748149273414A6002D915B /* GroupSearchDatabase.swift in Sources */ = {isa = PBXBuildFile; fileRef = 99748148273414A6002D915B /* GroupSearchDatabase.swift */; };
		997D887326FCDE71002C2490 /* NewsViewController.swift in Sources */ = {isa = PBXBuildFile; fileRef = 997D887226FCDE71002C2490 /* NewsViewController.swift */; };
		997D887726FCE40A002C2490 /* NewsTableViewCell.swift in Sources */ = {isa = PBXBuildFile; fileRef = 997D887526FCE40A002C2490 /* NewsTableViewCell.swift */; };
		997D887826FCE40A002C2490 /* NewsTableViewCell.xib in Resources */ = {isa = PBXBuildFile; fileRef = 997D887626FCE40A002C2490 /* NewsTableViewCell.xib */; };
		997FCE112702226300FADE8F /* AnimationViewController.swift in Sources */ = {isa = PBXBuildFile; fileRef = 997FCE0F2702226300FADE8F /* AnimationViewController.swift */; };
		997FCE142702228300FADE8F /* Animation.storyboard in Resources */ = {isa = PBXBuildFile; fileRef = 997FCE132702228300FADE8F /* Animation.storyboard */; };
		997FCE1627022C1C00FADE8F /* loadingAnimationView.swift in Sources */ = {isa = PBXBuildFile; fileRef = 997FCE1527022C1C00FADE8F /* loadingAnimationView.swift */; };
		998D3E7F2704BEFA00C96138 /* AnimationImagesViewController.swift in Sources */ = {isa = PBXBuildFile; fileRef = 998D3E7E2704BEFA00C96138 /* AnimationImagesViewController.swift */; };
		998D3E812704BF1500C96138 /* AnimationImages.storyboard in Resources */ = {isa = PBXBuildFile; fileRef = 998D3E802704BF1500C96138 /* AnimationImages.storyboard */; };
		998D3E852704C34300C96138 /* AnimationImagesCollectionViewCell.swift in Sources */ = {isa = PBXBuildFile; fileRef = 998D3E832704C34300C96138 /* AnimationImagesCollectionViewCell.swift */; };
		998D3E862704C34300C96138 /* AnimationImagesCollectionViewCell.xib in Resources */ = {isa = PBXBuildFile; fileRef = 998D3E842704C34300C96138 /* AnimationImagesCollectionViewCell.xib */; };
		9993C4DB27231A9200084F97 /* Data+PrettyJSON.swift in Sources */ = {isa = PBXBuildFile; fileRef = 9993C4DA27231A9200084F97 /* Data+PrettyJSON.swift */; };
		9993C4DE27231C6700084F97 /* Friend.swift in Sources */ = {isa = PBXBuildFile; fileRef = 9993C4DD27231C6700084F97 /* Friend.swift */; };
		9993C4E0272327BD00084F97 /* Photo.swift in Sources */ = {isa = PBXBuildFile; fileRef = 9993C4DF272327BD00084F97 /* Photo.swift */; };
		99979A4B2719B535000E5CCB /* CustomInteractiveTransition.swift in Sources */ = {isa = PBXBuildFile; fileRef = 99979A4A2719B535000E5CCB /* CustomInteractiveTransition.swift */; };
		99981DAB27207CA30090EF8A /* LoginToVk.storyboard in Resources */ = {isa = PBXBuildFile; fileRef = 99981DAA27207CA30090EF8A /* LoginToVk.storyboard */; };
		99981DAD27207CC50090EF8A /* LoginToVkViewController.swift in Sources */ = {isa = PBXBuildFile; fileRef = 99981DAC27207CC50090EF8A /* LoginToVkViewController.swift */; };
		99981DB027207D5C0090EF8A /* FriendsAPI.swift in Sources */ = {isa = PBXBuildFile; fileRef = 99981DAF27207D5C0090EF8A /* FriendsAPI.swift */; };
		99998A34270B51C2008C0760 /* ViewControllerPresenter.swift in Sources */ = {isa = PBXBuildFile; fileRef = 99998A33270B51C2008C0760 /* ViewControllerPresenter.swift */; };
		99998A37270B5D3A008C0760 /* ViewControllerDismisser.swift in Sources */ = {isa = PBXBuildFile; fileRef = 99998A36270B5D3A008C0760 /* ViewControllerDismisser.swift */; };
		99998A3A270B6CCD008C0760 /* CustomViewPresentViewController.swift in Sources */ = {isa = PBXBuildFile; fileRef = 99998A39270B6CCD008C0760 /* CustomViewPresentViewController.swift */; };
		99998A3C270B6CE1008C0760 /* CustomViewPresent.storyboard in Resources */ = {isa = PBXBuildFile; fileRef = 99998A3B270B6CE1008C0760 /* CustomViewPresent.storyboard */; };
		999C1BB026F2363C0038C9D0 /* drawView.swift in Sources */ = {isa = PBXBuildFile; fileRef = 999C1BAF26F2363C0038C9D0 /* drawView.swift */; };
		99B505BB26F0F311000691E6 /* Drawing.storyboard in Resources */ = {isa = PBXBuildFile; fileRef = 99B505BA26F0F311000691E6 /* Drawing.storyboard */; };
		99B505BD26F0F348000691E6 /* drawingViewController.swift in Sources */ = {isa = PBXBuildFile; fileRef = 99B505BC26F0F348000691E6 /* drawingViewController.swift */; };
		99C0C9F72731B8F00065B1CC /* FriendDatabase.swift in Sources */ = {isa = PBXBuildFile; fileRef = 99C0C9F62731B8F00065B1CC /* FriendDatabase.swift */; };
		99ECF753270F388200E777DB /* NavigationAnimationViewController.swift in Sources */ = {isa = PBXBuildFile; fileRef = 99ECF752270F388200E777DB /* NavigationAnimationViewController.swift */; };
		99ECF756270F57EC00E777DB /* PopAnimator.swift in Sources */ = {isa = PBXBuildFile; fileRef = 99ECF755270F57EC00E777DB /* PopAnimator.swift */; };
		99ECF758270F580C00E777DB /* PushAnimator.swift in Sources */ = {isa = PBXBuildFile; fileRef = 99ECF757270F580C00E777DB /* PushAnimator.swift */; };
		99F14FAE2727F0F800BC0A8F /* SwiftKeychainWrapper in Frameworks */ = {isa = PBXBuildFile; productRef = 99F14FAD2727F0F800BC0A8F /* SwiftKeychainWrapper */; };
		99FE9C4B26EF6678003C25AB /* ExampleTableViewCell.swift in Sources */ = {isa = PBXBuildFile; fileRef = 99FE9C4926EF6678003C25AB /* ExampleTableViewCell.swift */; };
		99FE9C4C26EF6678003C25AB /* ExampleTableViewCell.xib in Resources */ = {isa = PBXBuildFile; fileRef = 99FE9C4A26EF6678003C25AB /* ExampleTableViewCell.xib */; };
		99FE9C5126EF7ACF003C25AB /* ExampleSecondTableViewCell.swift in Sources */ = {isa = PBXBuildFile; fileRef = 99FE9C4F26EF7ACF003C25AB /* ExampleSecondTableViewCell.swift */; };
		99FE9C5226EF7ACF003C25AB /* ExampleSecondTableViewCell.xib in Resources */ = {isa = PBXBuildFile; fileRef = 99FE9C5026EF7ACF003C25AB /* ExampleSecondTableViewCell.xib */; };
		99FE9C5626EF8D2D003C25AB /* ExampleCollectionViewCell.swift in Sources */ = {isa = PBXBuildFile; fileRef = 99FE9C5426EF8D2D003C25AB /* ExampleCollectionViewCell.swift */; };
		99FE9C5726EF8D2D003C25AB /* ExampleCollectionViewCell.xib in Resources */ = {isa = PBXBuildFile; fileRef = 99FE9C5526EF8D2D003C25AB /* ExampleCollectionViewCell.xib */; };
		FEBD8E3FB36562200F6770F0 /* Pods_UI_project.framework in Frameworks */ = {isa = PBXBuildFile; fileRef = 468425296BBB58D18119A9BD /* Pods_UI_project.framework */; };
/* End PBXBuildFile section */

/* Begin PBXFileReference section */
		0DD6F1BEBF5B238051552E2E /* Pods-UI_project.release.xcconfig */ = {isa = PBXFileReference; includeInIndex = 1; lastKnownFileType = text.xcconfig; name = "Pods-UI_project.release.xcconfig"; path = "Target Support Files/Pods-UI_project/Pods-UI_project.release.xcconfig"; sourceTree = "<group>"; };
		34456509ABAB73754E2E8CFF /* Pods-UI_project.debug.xcconfig */ = {isa = PBXFileReference; includeInIndex = 1; lastKnownFileType = text.xcconfig; name = "Pods-UI_project.debug.xcconfig"; path = "Target Support Files/Pods-UI_project/Pods-UI_project.debug.xcconfig"; sourceTree = "<group>"; };
		468425296BBB58D18119A9BD /* Pods_UI_project.framework */ = {isa = PBXFileReference; explicitFileType = wrapper.framework; includeInIndex = 0; path = Pods_UI_project.framework; sourceTree = BUILT_PRODUCTS_DIR; };
		991BF9C826EA2EE0009E4D5D /* Navigation.storyboard */ = {isa = PBXFileReference; lastKnownFileType = file.storyboard; path = Navigation.storyboard; sourceTree = "<group>"; };
		991BF9CA26EA2F34009E4D5D /* secondNavigationViewController.swift */ = {isa = PBXFileReference; lastKnownFileType = sourcecode.swift; path = secondNavigationViewController.swift; sourceTree = "<group>"; };
		991BF9CC26EA2F60009E4D5D /* thirdNavigationViewController.swift */ = {isa = PBXFileReference; lastKnownFileType = sourcecode.swift; path = thirdNavigationViewController.swift; sourceTree = "<group>"; };
		992A5E0926FA3BFB0075E7AE /* HeaderFooterView.swift */ = {isa = PBXFileReference; lastKnownFileType = sourcecode.swift; path = HeaderFooterView.swift; sourceTree = "<group>"; };
		992A5E0B26FA3C0B0075E7AE /* HeaderFooterView.xib */ = {isa = PBXFileReference; lastKnownFileType = file.xib; path = HeaderFooterView.xib; sourceTree = "<group>"; };
		993083A026F8A00000631B17 /* PostControl.swift */ = {isa = PBXFileReference; lastKnownFileType = sourcecode.swift; path = PostControl.swift; sourceTree = "<group>"; };
		9942152526E26E51007F635F /* UI_project.app */ = {isa = PBXFileReference; explicitFileType = wrapper.application; includeInIndex = 0; path = UI_project.app; sourceTree = BUILT_PRODUCTS_DIR; };
		9942152826E26E51007F635F /* AppDelegate.swift */ = {isa = PBXFileReference; lastKnownFileType = sourcecode.swift; path = AppDelegate.swift; sourceTree = "<group>"; };
		9942152A26E26E51007F635F /* SceneDelegate.swift */ = {isa = PBXFileReference; lastKnownFileType = sourcecode.swift; path = SceneDelegate.swift; sourceTree = "<group>"; };
		9942152C26E26E51007F635F /* mainViewController.swift */ = {isa = PBXFileReference; lastKnownFileType = sourcecode.swift; path = mainViewController.swift; sourceTree = "<group>"; };
		9942152F26E26E51007F635F /* Base */ = {isa = PBXFileReference; lastKnownFileType = file.storyboard; name = Base; path = Base.lproj/Main.storyboard; sourceTree = "<group>"; };
		9942153126E26E52007F635F /* Assets.xcassets */ = {isa = PBXFileReference; lastKnownFileType = folder.assetcatalog; path = Assets.xcassets; sourceTree = "<group>"; };
		9942153426E26E52007F635F /* Base */ = {isa = PBXFileReference; lastKnownFileType = file.storyboard; name = Base; path = Base.lproj/LaunchScreen.storyboard; sourceTree = "<group>"; };
		9942153626E26E52007F635F /* Info.plist */ = {isa = PBXFileReference; lastKnownFileType = text.plist.xml; path = Info.plist; sourceTree = "<group>"; };
		9942949026EF40FD00E02EEF /* Constants.swift */ = {isa = PBXFileReference; lastKnownFileType = sourcecode.swift; path = Constants.swift; sourceTree = "<group>"; };
		994732FE26F4E0E30022B6AD /* PostViewController.swift */ = {isa = PBXFileReference; lastKnownFileType = sourcecode.swift; path = PostViewController.swift; sourceTree = "<group>"; };
		9947330126F4E1310022B6AD /* UserPost.storyboard */ = {isa = PBXFileReference; lastKnownFileType = file.storyboard; path = UserPost.storyboard; sourceTree = "<group>"; };
		994D98AF26E916F900565D1C /* DebugMenu.storyboard */ = {isa = PBXFileReference; lastKnownFileType = file.storyboard; path = DebugMenu.storyboard; sourceTree = "<group>"; };
		994D98B326E9173E00565D1C /* DebugMenuViewController.swift */ = {isa = PBXFileReference; lastKnownFileType = sourcecode.swift; path = DebugMenuViewController.swift; sourceTree = "<group>"; };
		994D98B626E9210B00565D1C /* TabPlayViewController.swift */ = {isa = PBXFileReference; lastKnownFileType = sourcecode.swift; path = TabPlayViewController.swift; sourceTree = "<group>"; };
		994D98B826E927B300565D1C /* TabPlay.storyboard */ = {isa = PBXFileReference; lastKnownFileType = file.storyboard; path = TabPlay.storyboard; sourceTree = "<group>"; };
		9951D7D726EA2E61004951F4 /* firstNavigationViewController.swift */ = {isa = PBXFileReference; lastKnownFileType = sourcecode.swift; path = firstNavigationViewController.swift; sourceTree = "<group>"; };
		996220F526EA25770004A508 /* secondTabViewController.swift */ = {isa = PBXFileReference; lastKnownFileType = sourcecode.swift; path = secondTabViewController.swift; sourceTree = "<group>"; };
		996220F726EA26440004A508 /* thirdTabViewController.swift */ = {isa = PBXFileReference; lastKnownFileType = sourcecode.swift; path = thirdTabViewController.swift; sourceTree = "<group>"; };
		9964025B2719D9520015CA09 /* NavigationViewController.swift */ = {isa = PBXFileReference; lastKnownFileType = sourcecode.swift; path = NavigationViewController.swift; sourceTree = "<group>"; };
		9964025D2719DD590015CA09 /* CustomPushAnimator.swift */ = {isa = PBXFileReference; lastKnownFileType = sourcecode.swift; path = CustomPushAnimator.swift; sourceTree = "<group>"; };
		9964025F2719E0E40015CA09 /* CustomPopAnimator.swift */ = {isa = PBXFileReference; lastKnownFileType = sourcecode.swift; path = CustomPopAnimator.swift; sourceTree = "<group>"; };
		996494A52706EC1800C42EDF /* AnimationOfImageViewController.swift */ = {isa = PBXFileReference; lastKnownFileType = sourcecode.swift; path = AnimationOfImageViewController.swift; sourceTree = "<group>"; };
		996494A72706EC3800C42EDF /* AnimationOfImages.storyboard */ = {isa = PBXFileReference; lastKnownFileType = file.storyboard; path = AnimationOfImages.storyboard; sourceTree = "<group>"; };
		996494A9270711BB00C42EDF /* ImageAnimation.swift */ = {isa = PBXFileReference; lastKnownFileType = sourcecode.swift; path = ImageAnimation.swift; sourceTree = "<group>"; };
		996494AB27072AA400C42EDF /* LoadingAnimationView.swift */ = {isa = PBXFileReference; lastKnownFileType = sourcecode.swift; path = LoadingAnimationView.swift; sourceTree = "<group>"; };
		9966043627030EB90023EBA2 /* avatarPushingAnimation.swift */ = {isa = PBXFileReference; lastKnownFileType = sourcecode.swift; path = avatarPushingAnimation.swift; sourceTree = "<group>"; };
		99660438270317390023EBA2 /* likeAnimation.swift */ = {isa = PBXFileReference; lastKnownFileType = sourcecode.swift; path = likeAnimation.swift; sourceTree = "<group>"; };
		996729BE271D897700774E18 /* Session.swift */ = {isa = PBXFileReference; lastKnownFileType = sourcecode.swift; path = Session.swift; sourceTree = "<group>"; };
		9969934A2726F214003881D4 /* Group.swift */ = {isa = PBXFileReference; lastKnownFileType = sourcecode.swift; path = Group.swift; sourceTree = "<group>"; };
		9969934C2726F956003881D4 /* GroupSearch.swift */ = {isa = PBXFileReference; lastKnownFileType = sourcecode.swift; path = GroupSearch.swift; sourceTree = "<group>"; };
		9969B0A92714753B009545CE /* PresentationAnimator.swift */ = {isa = PBXFileReference; lastKnownFileType = sourcecode.swift; path = PresentationAnimator.swift; sourceTree = "<group>"; };
		9969B0AB271478CF009545CE /* SmoothViewController.swift */ = {isa = PBXFileReference; lastKnownFileType = sourcecode.swift; path = SmoothViewController.swift; sourceTree = "<group>"; };
		996B87EB272172110094B326 /* FriendsListViewController.swift */ = {isa = PBXFileReference; lastKnownFileType = sourcecode.swift; path = FriendsListViewController.swift; sourceTree = "<group>"; };
		996B87ED272172240094B326 /* FriendsList.storyboard */ = {isa = PBXFileReference; lastKnownFileType = file.storyboard; path = FriendsList.storyboard; sourceTree = "<group>"; };
		996B87EF27217CAD0094B326 /* PhotosAPI.swift */ = {isa = PBXFileReference; lastKnownFileType = sourcecode.swift; path = PhotosAPI.swift; sourceTree = "<group>"; };
		996B87F12721AE710094B326 /* GroupsAPI.swift */ = {isa = PBXFileReference; lastKnownFileType = sourcecode.swift; path = GroupsAPI.swift; sourceTree = "<group>"; };
		996B87F32721B2D00094B326 /* GroupsSearchAPI.swift */ = {isa = PBXFileReference; lastKnownFileType = sourcecode.swift; path = GroupsSearchAPI.swift; sourceTree = "<group>"; };
		9971A7BD26F0FA12007A7A9F /* DrawingTableViewCell.swift */ = {isa = PBXFileReference; lastKnownFileType = sourcecode.swift; path = DrawingTableViewCell.swift; sourceTree = "<group>"; };
		9971A7BE26F0FA12007A7A9F /* DrawingTableViewCell.xib */ = {isa = PBXFileReference; lastKnownFileType = file.xib; path = DrawingTableViewCell.xib; sourceTree = "<group>"; };
		997481442733F518002D915B /* PhotoDatabase.swift */ = {isa = PBXFileReference; lastKnownFileType = sourcecode.swift; path = PhotoDatabase.swift; sourceTree = "<group>"; };
		997481462734100E002D915B /* GroupDatabase.swift */ = {isa = PBXFileReference; lastKnownFileType = sourcecode.swift; path = GroupDatabase.swift; sourceTree = "<group>"; };
		99748148273414A6002D915B /* GroupSearchDatabase.swift */ = {isa = PBXFileReference; lastKnownFileType = sourcecode.swift; path = GroupSearchDatabase.swift; sourceTree = "<group>"; };
		997D887226FCDE71002C2490 /* NewsViewController.swift */ = {isa = PBXFileReference; lastKnownFileType = sourcecode.swift; path = NewsViewController.swift; sourceTree = "<group>"; };
		997D887526FCE40A002C2490 /* NewsTableViewCell.swift */ = {isa = PBXFileReference; lastKnownFileType = sourcecode.swift; path = NewsTableViewCell.swift; sourceTree = "<group>"; };
		997D887626FCE40A002C2490 /* NewsTableViewCell.xib */ = {isa = PBXFileReference; lastKnownFileType = file.xib; path = NewsTableViewCell.xib; sourceTree = "<group>"; };
		997FCE0F2702226300FADE8F /* AnimationViewController.swift */ = {isa = PBXFileReference; lastKnownFileType = sourcecode.swift; path = AnimationViewController.swift; sourceTree = "<group>"; };
		997FCE132702228300FADE8F /* Animation.storyboard */ = {isa = PBXFileReference; lastKnownFileType = file.storyboard; path = Animation.storyboard; sourceTree = "<group>"; };
		997FCE1527022C1C00FADE8F /* loadingAnimationView.swift */ = {isa = PBXFileReference; lastKnownFileType = sourcecode.swift; path = loadingAnimationView.swift; sourceTree = "<group>"; };
		998D3E7E2704BEFA00C96138 /* AnimationImagesViewController.swift */ = {isa = PBXFileReference; lastKnownFileType = sourcecode.swift; path = AnimationImagesViewController.swift; sourceTree = "<group>"; };
		998D3E802704BF1500C96138 /* AnimationImages.storyboard */ = {isa = PBXFileReference; lastKnownFileType = file.storyboard; path = AnimationImages.storyboard; sourceTree = "<group>"; };
		998D3E832704C34300C96138 /* AnimationImagesCollectionViewCell.swift */ = {isa = PBXFileReference; lastKnownFileType = sourcecode.swift; path = AnimationImagesCollectionViewCell.swift; sourceTree = "<group>"; };
		998D3E842704C34300C96138 /* AnimationImagesCollectionViewCell.xib */ = {isa = PBXFileReference; lastKnownFileType = file.xib; path = AnimationImagesCollectionViewCell.xib; sourceTree = "<group>"; };
		9993C4DA27231A9200084F97 /* Data+PrettyJSON.swift */ = {isa = PBXFileReference; lastKnownFileType = sourcecode.swift; path = "Data+PrettyJSON.swift"; sourceTree = "<group>"; };
		9993C4DD27231C6700084F97 /* Friend.swift */ = {isa = PBXFileReference; lastKnownFileType = sourcecode.swift; path = Friend.swift; sourceTree = "<group>"; };
		9993C4DF272327BD00084F97 /* Photo.swift */ = {isa = PBXFileReference; lastKnownFileType = sourcecode.swift; path = Photo.swift; sourceTree = "<group>"; };
		99979A4A2719B535000E5CCB /* CustomInteractiveTransition.swift */ = {isa = PBXFileReference; lastKnownFileType = sourcecode.swift; path = CustomInteractiveTransition.swift; sourceTree = "<group>"; };
		99981DAA27207CA30090EF8A /* LoginToVk.storyboard */ = {isa = PBXFileReference; lastKnownFileType = file.storyboard; path = LoginToVk.storyboard; sourceTree = "<group>"; };
		99981DAC27207CC50090EF8A /* LoginToVkViewController.swift */ = {isa = PBXFileReference; lastKnownFileType = sourcecode.swift; path = LoginToVkViewController.swift; sourceTree = "<group>"; };
		99981DAF27207D5C0090EF8A /* FriendsAPI.swift */ = {isa = PBXFileReference; lastKnownFileType = sourcecode.swift; path = FriendsAPI.swift; sourceTree = "<group>"; };
		99998A33270B51C2008C0760 /* ViewControllerPresenter.swift */ = {isa = PBXFileReference; lastKnownFileType = sourcecode.swift; path = ViewControllerPresenter.swift; sourceTree = "<group>"; };
		99998A36270B5D3A008C0760 /* ViewControllerDismisser.swift */ = {isa = PBXFileReference; lastKnownFileType = sourcecode.swift; path = ViewControllerDismisser.swift; sourceTree = "<group>"; };
		99998A39270B6CCD008C0760 /* CustomViewPresentViewController.swift */ = {isa = PBXFileReference; lastKnownFileType = sourcecode.swift; path = CustomViewPresentViewController.swift; sourceTree = "<group>"; };
		99998A3B270B6CE1008C0760 /* CustomViewPresent.storyboard */ = {isa = PBXFileReference; lastKnownFileType = file.storyboard; path = CustomViewPresent.storyboard; sourceTree = "<group>"; };
		999C1BAF26F2363C0038C9D0 /* drawView.swift */ = {isa = PBXFileReference; lastKnownFileType = sourcecode.swift; path = drawView.swift; sourceTree = "<group>"; };
		99B505BA26F0F311000691E6 /* Drawing.storyboard */ = {isa = PBXFileReference; lastKnownFileType = file.storyboard; path = Drawing.storyboard; sourceTree = "<group>"; };
		99B505BC26F0F348000691E6 /* drawingViewController.swift */ = {isa = PBXFileReference; lastKnownFileType = sourcecode.swift; path = drawingViewController.swift; sourceTree = "<group>"; };
		99C0C9F62731B8F00065B1CC /* FriendDatabase.swift */ = {isa = PBXFileReference; lastKnownFileType = sourcecode.swift; path = FriendDatabase.swift; sourceTree = "<group>"; };
		99ECF752270F388200E777DB /* NavigationAnimationViewController.swift */ = {isa = PBXFileReference; lastKnownFileType = sourcecode.swift; path = NavigationAnimationViewController.swift; sourceTree = "<group>"; };
		99ECF755270F57EC00E777DB /* PopAnimator.swift */ = {isa = PBXFileReference; lastKnownFileType = sourcecode.swift; path = PopAnimator.swift; sourceTree = "<group>"; };
		99ECF757270F580C00E777DB /* PushAnimator.swift */ = {isa = PBXFileReference; lastKnownFileType = sourcecode.swift; path = PushAnimator.swift; sourceTree = "<group>"; };
		99FE9C4926EF6678003C25AB /* ExampleTableViewCell.swift */ = {isa = PBXFileReference; lastKnownFileType = sourcecode.swift; path = ExampleTableViewCell.swift; sourceTree = "<group>"; };
		99FE9C4A26EF6678003C25AB /* ExampleTableViewCell.xib */ = {isa = PBXFileReference; lastKnownFileType = file.xib; path = ExampleTableViewCell.xib; sourceTree = "<group>"; };
		99FE9C4F26EF7ACF003C25AB /* ExampleSecondTableViewCell.swift */ = {isa = PBXFileReference; lastKnownFileType = sourcecode.swift; path = ExampleSecondTableViewCell.swift; sourceTree = "<group>"; };
		99FE9C5026EF7ACF003C25AB /* ExampleSecondTableViewCell.xib */ = {isa = PBXFileReference; lastKnownFileType = file.xib; path = ExampleSecondTableViewCell.xib; sourceTree = "<group>"; };
		99FE9C5426EF8D2D003C25AB /* ExampleCollectionViewCell.swift */ = {isa = PBXFileReference; lastKnownFileType = sourcecode.swift; path = ExampleCollectionViewCell.swift; sourceTree = "<group>"; };
		99FE9C5526EF8D2D003C25AB /* ExampleCollectionViewCell.xib */ = {isa = PBXFileReference; lastKnownFileType = file.xib; path = ExampleCollectionViewCell.xib; sourceTree = "<group>"; };
/* End PBXFileReference section */

/* Begin PBXFrameworksBuildPhase section */
		9942152226E26E51007F635F /* Frameworks */ = {
			isa = PBXFrameworksBuildPhase;
			buildActionMask = 2147483647;
			files = (
				993A444627282E5C00037674 /* RealmSwift in Frameworks */,
				993A444427282E5C00037674 /* Realm in Frameworks */,
				99F14FAE2727F0F800BC0A8F /* SwiftKeychainWrapper in Frameworks */,
				FEBD8E3FB36562200F6770F0 /* Pods_UI_project.framework in Frameworks */,
			);
			runOnlyForDeploymentPostprocessing = 0;
		};
/* End PBXFrameworksBuildPhase section */

/* Begin PBXGroup section */
		6534FCB338E533A03395EDFF /* Frameworks */ = {
			isa = PBXGroup;
			children = (
				468425296BBB58D18119A9BD /* Pods_UI_project.framework */,
			);
			name = Frameworks;
			sourceTree = "<group>";
		};
		9942151C26E26E51007F635F = {
			isa = PBXGroup;
			children = (
				9942152726E26E51007F635F /* UI_project */,
				9942152626E26E51007F635F /* Products */,
				E05A9E3D26B6B4B8FF725AA1 /* Pods */,
				6534FCB338E533A03395EDFF /* Frameworks */,
			);
			sourceTree = "<group>";
		};
		9942152626E26E51007F635F /* Products */ = {
			isa = PBXGroup;
			children = (
				9942152526E26E51007F635F /* UI_project.app */,
			);
			name = Products;
			sourceTree = "<group>";
		};
		9942152726E26E51007F635F /* UI_project */ = {
			isa = PBXGroup;
			children = (
				99981DA927207C830090EF8A /* VKAPI */,
				99998A38270B6C9C008C0760 /* CustomViewPresent */,
				996494A42706EBE700C42EDF /* AnimationWithImageView */,
				998D3E7D2704BE7A00C96138 /* AnimationImages */,
				997FCE0E2702223700FADE8F /* Animation */,
				9942152826E26E51007F635F /* AppDelegate.swift */,
				9942152A26E26E51007F635F /* SceneDelegate.swift */,
				994D98AE26E9167000565D1C /* Main */,
				994D98B526E91B0300565D1C /* DebugMenu */,
				994D98BA26E92A1000565D1C /* TabPlay */,
				9951D7D626EA2E45004951F4 /* Navigation */,
				99B505BE26F0F37C000691E6 /* Drawing */,
				9942153126E26E52007F635F /* Assets.xcassets */,
				9942153326E26E52007F635F /* LaunchScreen.storyboard */,
				9942153626E26E52007F635F /* Info.plist */,
				9942949026EF40FD00E02EEF /* Constants.swift */,
			);
			path = UI_project;
			sourceTree = "<group>";
		};
		9947330026F4E0F50022B6AD /* Post */ = {
			isa = PBXGroup;
			children = (
				994732FE26F4E0E30022B6AD /* PostViewController.swift */,
				9947330126F4E1310022B6AD /* UserPost.storyboard */,
				993083A026F8A00000631B17 /* PostControl.swift */,
			);
			path = Post;
			sourceTree = "<group>";
		};
		994D98AE26E9167000565D1C /* Main */ = {
			isa = PBXGroup;
			children = (
				9942152C26E26E51007F635F /* mainViewController.swift */,
				9942152E26E26E51007F635F /* Main.storyboard */,
			);
			path = Main;
			sourceTree = "<group>";
		};
		994D98B526E91B0300565D1C /* DebugMenu */ = {
			isa = PBXGroup;
			children = (
				994D98AF26E916F900565D1C /* DebugMenu.storyboard */,
				994D98B326E9173E00565D1C /* DebugMenuViewController.swift */,
			);
			path = DebugMenu;
			sourceTree = "<group>";
		};
		994D98BA26E92A1000565D1C /* TabPlay */ = {
			isa = PBXGroup;
			children = (
				994D98B826E927B300565D1C /* TabPlay.storyboard */,
				994D98B626E9210B00565D1C /* TabPlayViewController.swift */,
				99FE9C4E26EF66B4003C25AB /* Cell */,
				996220F526EA25770004A508 /* secondTabViewController.swift */,
				99FE9C5926EF8D4D003C25AB /* Cell */,
				996220F726EA26440004A508 /* thirdTabViewController.swift */,
			);
			path = TabPlay;
			sourceTree = "<group>";
		};
		9951D7D626EA2E45004951F4 /* Navigation */ = {
			isa = PBXGroup;
			children = (
				9951D7D726EA2E61004951F4 /* firstNavigationViewController.swift */,
				991BF9C826EA2EE0009E4D5D /* Navigation.storyboard */,
				991BF9CA26EA2F34009E4D5D /* secondNavigationViewController.swift */,
				991BF9CC26EA2F60009E4D5D /* thirdNavigationViewController.swift */,
			);
			path = Navigation;
			sourceTree = "<group>";
		};
		996494A42706EBE700C42EDF /* AnimationWithImageView */ = {
			isa = PBXGroup;
			children = (
				996494A52706EC1800C42EDF /* AnimationOfImageViewController.swift */,
				996494A72706EC3800C42EDF /* AnimationOfImages.storyboard */,
				996494A9270711BB00C42EDF /* ImageAnimation.swift */,
				996494AB27072AA400C42EDF /* LoadingAnimationView.swift */,
			);
			path = AnimationWithImageView;
			sourceTree = "<group>";
		};
		996B87E9272171E60094B326 /* LoginToVk */ = {
			isa = PBXGroup;
			children = (
				99981DAA27207CA30090EF8A /* LoginToVk.storyboard */,
				99981DAC27207CC50090EF8A /* LoginToVkViewController.swift */,
			);
			path = LoginToVk;
			sourceTree = "<group>";
		};
		996B87EA272171FE0094B326 /* FriendsList */ = {
			isa = PBXGroup;
			children = (
				996B87EB272172110094B326 /* FriendsListViewController.swift */,
				996B87ED272172240094B326 /* FriendsList.storyboard */,
			);
			path = FriendsList;
			sourceTree = "<group>";
		};
		9971A7C126F0FA17007A7A9F /* Cell */ = {
			isa = PBXGroup;
			children = (
				9971A7C226F0FA25007A7A9F /* DrawingCell */,
			);
			path = Cell;
			sourceTree = "<group>";
		};
		9971A7C226F0FA25007A7A9F /* DrawingCell */ = {
			isa = PBXGroup;
			children = (
				9971A7BD26F0FA12007A7A9F /* DrawingTableViewCell.swift */,
				9971A7BE26F0FA12007A7A9F /* DrawingTableViewCell.xib */,
				999C1BAF26F2363C0038C9D0 /* drawView.swift */,
				992A5E0926FA3BFB0075E7AE /* HeaderFooterView.swift */,
				992A5E0B26FA3C0B0075E7AE /* HeaderFooterView.xib */,
			);
			path = DrawingCell;
			sourceTree = "<group>";
		};
		997D887126FCDE40002C2490 /* News */ = {
			isa = PBXGroup;
			children = (
				997D887426FCE3DC002C2490 /* Cell */,
				997D887226FCDE71002C2490 /* NewsViewController.swift */,
			);
			path = News;
			sourceTree = "<group>";
		};
		997D887426FCE3DC002C2490 /* Cell */ = {
			isa = PBXGroup;
			children = (
				997D887526FCE40A002C2490 /* NewsTableViewCell.swift */,
				997D887626FCE40A002C2490 /* NewsTableViewCell.xib */,
			);
			path = Cell;
			sourceTree = "<group>";
		};
		997FCE0E2702223700FADE8F /* Animation */ = {
			isa = PBXGroup;
			children = (
				99998A35270B5CA2008C0760 /* Presenter and Dismisser */,
				997FCE0F2702226300FADE8F /* AnimationViewController.swift */,
				997FCE132702228300FADE8F /* Animation.storyboard */,
				997FCE1527022C1C00FADE8F /* loadingAnimationView.swift */,
				9966043627030EB90023EBA2 /* avatarPushingAnimation.swift */,
				99660438270317390023EBA2 /* likeAnimation.swift */,
			);
			path = Animation;
			sourceTree = "<group>";
		};
		998D3E7D2704BE7A00C96138 /* AnimationImages */ = {
			isa = PBXGroup;
			children = (
				998D3E822704C31800C96138 /* Cell */,
				998D3E7E2704BEFA00C96138 /* AnimationImagesViewController.swift */,
				998D3E802704BF1500C96138 /* AnimationImages.storyboard */,
			);
			path = AnimationImages;
			sourceTree = "<group>";
		};
		998D3E822704C31800C96138 /* Cell */ = {
			isa = PBXGroup;
			children = (
				998D3E832704C34300C96138 /* AnimationImagesCollectionViewCell.swift */,
				998D3E842704C34300C96138 /* AnimationImagesCollectionViewCell.xib */,
			);
			path = Cell;
			sourceTree = "<group>";
		};
		9993C4D927231A5200084F97 /* Helpers */ = {
			isa = PBXGroup;
			children = (
				9993C4DA27231A9200084F97 /* Data+PrettyJSON.swift */,
			);
			path = Helpers;
			sourceTree = "<group>";
		};
		9993C4DC27231C4A00084F97 /* Models */ = {
			isa = PBXGroup;
			children = (
				9993C4DD27231C6700084F97 /* Friend.swift */,
				9993C4DF272327BD00084F97 /* Photo.swift */,
				9969934A2726F214003881D4 /* Group.swift */,
				9969934C2726F956003881D4 /* GroupSearch.swift */,
			);
			path = Models;
			sourceTree = "<group>";
		};
		99981DA927207C830090EF8A /* VKAPI */ = {
			isa = PBXGroup;
			children = (
				9993C4D927231A5200084F97 /* Helpers */,
				996B87EA272171FE0094B326 /* FriendsList */,
				99981DAE27207D280090EF8A /* Services */,
				996B87E9272171E60094B326 /* LoginToVk */,
			);
			path = VKAPI;
			sourceTree = "<group>";
		};
		99981DAE27207D280090EF8A /* Services */ = {
			isa = PBXGroup;
			children = (
				9993C4DC27231C4A00084F97 /* Models */,
				996729BE271D897700774E18 /* Session.swift */,
				99981DAF27207D5C0090EF8A /* FriendsAPI.swift */,
				996B87EF27217CAD0094B326 /* PhotosAPI.swift */,
				996B87F12721AE710094B326 /* GroupsAPI.swift */,
				996B87F32721B2D00094B326 /* GroupsSearchAPI.swift */,
				99C0C9F62731B8F00065B1CC /* FriendDatabase.swift */,
				997481442733F518002D915B /* PhotoDatabase.swift */,
				997481462734100E002D915B /* GroupDatabase.swift */,
				99748148273414A6002D915B /* GroupSearchDatabase.swift */,
			);
			path = Services;
			sourceTree = "<group>";
		};
		99998A35270B5CA2008C0760 /* Presenter and Dismisser */ = {
			isa = PBXGroup;
			children = (
				99998A33270B51C2008C0760 /* ViewControllerPresenter.swift */,
				99998A36270B5D3A008C0760 /* ViewControllerDismisser.swift */,
			);
			path = "Presenter and Dismisser";
			sourceTree = "<group>";
		};
		99998A38270B6C9C008C0760 /* CustomViewPresent */ = {
			isa = PBXGroup;
			children = (
				99ECF754270F57D000E777DB /* Push and Pop animators */,
				99998A39270B6CCD008C0760 /* CustomViewPresentViewController.swift */,
				99998A3B270B6CE1008C0760 /* CustomViewPresent.storyboard */,
				99ECF752270F388200E777DB /* NavigationAnimationViewController.swift */,
				9969B0A92714753B009545CE /* PresentationAnimator.swift */,
				9969B0AB271478CF009545CE /* SmoothViewController.swift */,
				99979A4A2719B535000E5CCB /* CustomInteractiveTransition.swift */,
				9964025B2719D9520015CA09 /* NavigationViewController.swift */,
			);
			path = CustomViewPresent;
			sourceTree = "<group>";
		};
		99B505BE26F0F37C000691E6 /* Drawing */ = {
			isa = PBXGroup;
			children = (
				997D887126FCDE40002C2490 /* News */,
				9971A7C126F0FA17007A7A9F /* Cell */,
				99B505BA26F0F311000691E6 /* Drawing.storyboard */,
				99B505BC26F0F348000691E6 /* drawingViewController.swift */,
				9947330026F4E0F50022B6AD /* Post */,
			);
			path = Drawing;
			sourceTree = "<group>";
		};
		99ECF754270F57D000E777DB /* Push and Pop animators */ = {
			isa = PBXGroup;
			children = (
				99ECF755270F57EC00E777DB /* PopAnimator.swift */,
				99ECF757270F580C00E777DB /* PushAnimator.swift */,
				9964025D2719DD590015CA09 /* CustomPushAnimator.swift */,
				9964025F2719E0E40015CA09 /* CustomPopAnimator.swift */,
			);
			path = "Push and Pop animators";
			sourceTree = "<group>";
		};
		99FE9C4D26EF6680003C25AB /* Example */ = {
			isa = PBXGroup;
			children = (
				99FE9C4926EF6678003C25AB /* ExampleTableViewCell.swift */,
				99FE9C4A26EF6678003C25AB /* ExampleTableViewCell.xib */,
			);
			path = Example;
			sourceTree = "<group>";
		};
		99FE9C4E26EF66B4003C25AB /* Cell */ = {
			isa = PBXGroup;
			children = (
				99FE9C4D26EF6680003C25AB /* Example */,
				99FE9C5326EF7AD4003C25AB /* ExampleSecond */,
			);
			path = Cell;
			sourceTree = "<group>";
		};
		99FE9C5326EF7AD4003C25AB /* ExampleSecond */ = {
			isa = PBXGroup;
			children = (
				99FE9C4F26EF7ACF003C25AB /* ExampleSecondTableViewCell.swift */,
				99FE9C5026EF7ACF003C25AB /* ExampleSecondTableViewCell.xib */,
			);
			path = ExampleSecond;
			sourceTree = "<group>";
		};
		99FE9C5826EF8D34003C25AB /* ExampleCollection */ = {
			isa = PBXGroup;
			children = (
				99FE9C5426EF8D2D003C25AB /* ExampleCollectionViewCell.swift */,
				99FE9C5526EF8D2D003C25AB /* ExampleCollectionViewCell.xib */,
			);
			name = ExampleCollection;
			path = ..;
			sourceTree = "<group>";
		};
		99FE9C5926EF8D4D003C25AB /* Cell */ = {
			isa = PBXGroup;
			children = (
				99FE9C5826EF8D34003C25AB /* ExampleCollection */,
			);
			name = Cell;
			path = ExampleCollection/Cell;
			sourceTree = "<group>";
		};
		E05A9E3D26B6B4B8FF725AA1 /* Pods */ = {
			isa = PBXGroup;
			children = (
				34456509ABAB73754E2E8CFF /* Pods-UI_project.debug.xcconfig */,
				0DD6F1BEBF5B238051552E2E /* Pods-UI_project.release.xcconfig */,
			);
			path = Pods;
			sourceTree = "<group>";
		};
/* End PBXGroup section */

/* Begin PBXNativeTarget section */
		9942152426E26E51007F635F /* UI_project */ = {
			isa = PBXNativeTarget;
			buildConfigurationList = 9942153926E26E52007F635F /* Build configuration list for PBXNativeTarget "UI_project" */;
			buildPhases = (
				AF7F616C42DC604C34265E5F /* [CP] Check Pods Manifest.lock */,
				9942152126E26E51007F635F /* Sources */,
				9942152226E26E51007F635F /* Frameworks */,
				9942152326E26E51007F635F /* Resources */,
				68F26EDAC0FD9566BBBE57C6 /* [CP] Embed Pods Frameworks */,
			);
			buildRules = (
			);
			dependencies = (
			);
			name = UI_project;
			packageProductDependencies = (
				99F14FAD2727F0F800BC0A8F /* SwiftKeychainWrapper */,
				993A444327282E5C00037674 /* Realm */,
				993A444527282E5C00037674 /* RealmSwift */,
			);
			productName = UI_project;
			productReference = 9942152526E26E51007F635F /* UI_project.app */;
			productType = "com.apple.product-type.application";
		};
/* End PBXNativeTarget section */

/* Begin PBXProject section */
		9942151D26E26E51007F635F /* Project object */ = {
			isa = PBXProject;
			attributes = {
				BuildIndependentTargetsInParallel = 1;
				LastSwiftUpdateCheck = 1300;
				LastUpgradeCheck = 1300;
				TargetAttributes = {
					9942152426E26E51007F635F = {
						CreatedOnToolsVersion = 13.0;
					};
				};
			};
			buildConfigurationList = 9942152026E26E51007F635F /* Build configuration list for PBXProject "UI_project" */;
			compatibilityVersion = "Xcode 13.0";
			developmentRegion = en;
			hasScannedForEncodings = 0;
			knownRegions = (
				en,
				Base,
			);
			mainGroup = 9942151C26E26E51007F635F;
			packageReferences = (
				99F14FAC2727F0F800BC0A8F /* XCRemoteSwiftPackageReference "SwiftKeychainWrapper" */,
				993A444227282E5C00037674 /* XCRemoteSwiftPackageReference "realm-cocoa" */,
			);
			productRefGroup = 9942152626E26E51007F635F /* Products */;
			projectDirPath = "";
			projectRoot = "";
			targets = (
				9942152426E26E51007F635F /* UI_project */,
			);
		};
/* End PBXProject section */

/* Begin PBXResourcesBuildPhase section */
		9942152326E26E51007F635F /* Resources */ = {
			isa = PBXResourcesBuildPhase;
			buildActionMask = 2147483647;
			files = (
				99981DAB27207CA30090EF8A /* LoginToVk.storyboard in Resources */,
				996494A82706EC3800C42EDF /* AnimationOfImages.storyboard in Resources */,
				991BF9C926EA2EE0009E4D5D /* Navigation.storyboard in Resources */,
				9942153526E26E52007F635F /* LaunchScreen.storyboard in Resources */,
				99FE9C5726EF8D2D003C25AB /* ExampleCollectionViewCell.xib in Resources */,
				99B505BB26F0F311000691E6 /* Drawing.storyboard in Resources */,
				998D3E862704C34300C96138 /* AnimationImagesCollectionViewCell.xib in Resources */,
				9947330226F4E1310022B6AD /* UserPost.storyboard in Resources */,
				99FE9C5226EF7ACF003C25AB /* ExampleSecondTableViewCell.xib in Resources */,
				9942153226E26E52007F635F /* Assets.xcassets in Resources */,
				998D3E812704BF1500C96138 /* AnimationImages.storyboard in Resources */,
				9942153026E26E51007F635F /* Main.storyboard in Resources */,
				994D98B926E927B300565D1C /* TabPlay.storyboard in Resources */,
				997FCE142702228300FADE8F /* Animation.storyboard in Resources */,
				992A5E0C26FA3C0B0075E7AE /* HeaderFooterView.xib in Resources */,
				997D887826FCE40A002C2490 /* NewsTableViewCell.xib in Resources */,
				99998A3C270B6CE1008C0760 /* CustomViewPresent.storyboard in Resources */,
				996B87EE272172240094B326 /* FriendsList.storyboard in Resources */,
				99FE9C4C26EF6678003C25AB /* ExampleTableViewCell.xib in Resources */,
				994D98B026E916F900565D1C /* DebugMenu.storyboard in Resources */,
				9971A7C026F0FA12007A7A9F /* DrawingTableViewCell.xib in Resources */,
			);
			runOnlyForDeploymentPostprocessing = 0;
		};
/* End PBXResourcesBuildPhase section */

/* Begin PBXShellScriptBuildPhase section */
		68F26EDAC0FD9566BBBE57C6 /* [CP] Embed Pods Frameworks */ = {
			isa = PBXShellScriptBuildPhase;
			buildActionMask = 2147483647;
			files = (
			);
			inputFileListPaths = (
				"${PODS_ROOT}/Target Support Files/Pods-UI_project/Pods-UI_project-frameworks-${CONFIGURATION}-input-files.xcfilelist",
			);
			name = "[CP] Embed Pods Frameworks";
			outputFileListPaths = (
				"${PODS_ROOT}/Target Support Files/Pods-UI_project/Pods-UI_project-frameworks-${CONFIGURATION}-output-files.xcfilelist",
			);
			runOnlyForDeploymentPostprocessing = 0;
			shellPath = /bin/sh;
			shellScript = "\"${PODS_ROOT}/Target Support Files/Pods-UI_project/Pods-UI_project-frameworks.sh\"\n";
			showEnvVarsInLog = 0;
		};
		AF7F616C42DC604C34265E5F /* [CP] Check Pods Manifest.lock */ = {
			isa = PBXShellScriptBuildPhase;
			buildActionMask = 2147483647;
			files = (
			);
			inputFileListPaths = (
			);
			inputPaths = (
				"${PODS_PODFILE_DIR_PATH}/Podfile.lock",
				"${PODS_ROOT}/Manifest.lock",
			);
			name = "[CP] Check Pods Manifest.lock";
			outputFileListPaths = (
			);
			outputPaths = (
				"$(DERIVED_FILE_DIR)/Pods-UI_project-checkManifestLockResult.txt",
			);
			runOnlyForDeploymentPostprocessing = 0;
			shellPath = /bin/sh;
			shellScript = "diff \"${PODS_PODFILE_DIR_PATH}/Podfile.lock\" \"${PODS_ROOT}/Manifest.lock\" > /dev/null\nif [ $? != 0 ] ; then\n    # print error to STDERR\n    echo \"error: The sandbox is not in sync with the Podfile.lock. Run 'pod install' or update your CocoaPods installation.\" >&2\n    exit 1\nfi\n# This output is used by Xcode 'outputs' to avoid re-running this script phase.\necho \"SUCCESS\" > \"${SCRIPT_OUTPUT_FILE_0}\"\n";
			showEnvVarsInLog = 0;
		};
/* End PBXShellScriptBuildPhase section */

/* Begin PBXSourcesBuildPhase section */
		9942152126E26E51007F635F /* Sources */ = {
			isa = PBXSourcesBuildPhase;
			buildActionMask = 2147483647;
			files = (
				996B87F22721AE710094B326 /* GroupsAPI.swift in Sources */,
				994732FF26F4E0E30022B6AD /* PostViewController.swift in Sources */,
				996B87F027217CAD0094B326 /* PhotosAPI.swift in Sources */,
				99981DAD27207CC50090EF8A /* LoginToVkViewController.swift in Sources */,
				997481472734100E002D915B /* GroupDatabase.swift in Sources */,
				996220F626EA25770004A508 /* secondTabViewController.swift in Sources */,
				9964025C2719D9520015CA09 /* NavigationViewController.swift in Sources */,
				99B505BD26F0F348000691E6 /* drawingViewController.swift in Sources */,
				9969934D2726F956003881D4 /* GroupSearch.swift in Sources */,
				99ECF753270F388200E777DB /* NavigationAnimationViewController.swift in Sources */,
				997481452733F518002D915B /* PhotoDatabase.swift in Sources */,
				999C1BB026F2363C0038C9D0 /* drawView.swift in Sources */,
				99748149273414A6002D915B /* GroupSearchDatabase.swift in Sources */,
				9969934B2726F214003881D4 /* Group.swift in Sources */,
				996494AA270711BB00C42EDF /* ImageAnimation.swift in Sources */,
				9942949126EF40FD00E02EEF /* Constants.swift in Sources */,
				9993C4DE27231C6700084F97 /* Friend.swift in Sources */,
				994D98B726E9210B00565D1C /* TabPlayViewController.swift in Sources */,
				996B87F42721B2D00094B326 /* GroupsSearchAPI.swift in Sources */,
				99979A4B2719B535000E5CCB /* CustomInteractiveTransition.swift in Sources */,
				9971A7BF26F0FA12007A7A9F /* DrawingTableViewCell.swift in Sources */,
				99660439270317390023EBA2 /* likeAnimation.swift in Sources */,
				99ECF756270F57EC00E777DB /* PopAnimator.swift in Sources */,
				996220F826EA26440004A508 /* thirdTabViewController.swift in Sources */,
				99FE9C5126EF7ACF003C25AB /* ExampleSecondTableViewCell.swift in Sources */,
				9969B0AC271478CF009545CE /* SmoothViewController.swift in Sources */,
				996402602719E0E40015CA09 /* CustomPopAnimator.swift in Sources */,
				99FE9C5626EF8D2D003C25AB /* ExampleCollectionViewCell.swift in Sources */,
				991BF9CB26EA2F34009E4D5D /* secondNavigationViewController.swift in Sources */,
				9942152D26E26E51007F635F /* mainViewController.swift in Sources */,
				997FCE112702226300FADE8F /* AnimationViewController.swift in Sources */,
				99998A34270B51C2008C0760 /* ViewControllerPresenter.swift in Sources */,
				997D887726FCE40A002C2490 /* NewsTableViewCell.swift in Sources */,
				99ECF758270F580C00E777DB /* PushAnimator.swift in Sources */,
				997FCE1627022C1C00FADE8F /* loadingAnimationView.swift in Sources */,
				992A5E0A26FA3BFB0075E7AE /* HeaderFooterView.swift in Sources */,
				9942152926E26E51007F635F /* AppDelegate.swift in Sources */,
				998D3E7F2704BEFA00C96138 /* AnimationImagesViewController.swift in Sources */,
				998D3E852704C34300C96138 /* AnimationImagesCollectionViewCell.swift in Sources */,
				99C0C9F72731B8F00065B1CC /* FriendDatabase.swift in Sources */,
				9993C4DB27231A9200084F97 /* Data+PrettyJSON.swift in Sources */,
				993083A126F8A00000631B17 /* PostControl.swift in Sources */,
				9969B0AA2714753B009545CE /* PresentationAnimator.swift in Sources */,
				9993C4E0272327BD00084F97 /* Photo.swift in Sources */,
				991BF9CD26EA2F60009E4D5D /* thirdNavigationViewController.swift in Sources */,
				99FE9C4B26EF6678003C25AB /* ExampleTableViewCell.swift in Sources */,
				9966043727030EB90023EBA2 /* avatarPushingAnimation.swift in Sources */,
				9964025E2719DD590015CA09 /* CustomPushAnimator.swift in Sources */,
				9951D7D826EA2E61004951F4 /* firstNavigationViewController.swift in Sources */,
				997D887326FCDE71002C2490 /* NewsViewController.swift in Sources */,
				99998A3A270B6CCD008C0760 /* CustomViewPresentViewController.swift in Sources */,
				9942152B26E26E51007F635F /* SceneDelegate.swift in Sources */,
				996B87EC272172110094B326 /* FriendsListViewController.swift in Sources */,
				996494AC27072AA400C42EDF /* LoadingAnimationView.swift in Sources */,
				996729BF271D897700774E18 /* Session.swift in Sources */,
				996494A62706EC1800C42EDF /* AnimationOfImageViewController.swift in Sources */,
				99998A37270B5D3A008C0760 /* ViewControllerDismisser.swift in Sources */,
				99981DB027207D5C0090EF8A /* FriendsAPI.swift in Sources */,
				994D98B426E9173E00565D1C /* DebugMenuViewController.swift in Sources */,
			);
			runOnlyForDeploymentPostprocessing = 0;
		};
/* End PBXSourcesBuildPhase section */

/* Begin PBXVariantGroup section */
		9942152E26E26E51007F635F /* Main.storyboard */ = {
			isa = PBXVariantGroup;
			children = (
				9942152F26E26E51007F635F /* Base */,
			);
			name = Main.storyboard;
			sourceTree = "<group>";
		};
		9942153326E26E52007F635F /* LaunchScreen.storyboard */ = {
			isa = PBXVariantGroup;
			children = (
				9942153426E26E52007F635F /* Base */,
			);
			name = LaunchScreen.storyboard;
			sourceTree = "<group>";
		};
/* End PBXVariantGroup section */

/* Begin XCBuildConfiguration section */
		9942153726E26E52007F635F /* Debug */ = {
			isa = XCBuildConfiguration;
			buildSettings = {
				ALWAYS_SEARCH_USER_PATHS = NO;
				CLANG_ANALYZER_NONNULL = YES;
				CLANG_ANALYZER_NUMBER_OBJECT_CONVERSION = YES_AGGRESSIVE;
				CLANG_CXX_LANGUAGE_STANDARD = "gnu++17";
				CLANG_CXX_LIBRARY = "libc++";
				CLANG_ENABLE_MODULES = YES;
				CLANG_ENABLE_OBJC_ARC = YES;
				CLANG_ENABLE_OBJC_WEAK = YES;
				CLANG_WARN_BLOCK_CAPTURE_AUTORELEASING = YES;
				CLANG_WARN_BOOL_CONVERSION = YES;
				CLANG_WARN_COMMA = YES;
				CLANG_WARN_CONSTANT_CONVERSION = YES;
				CLANG_WARN_DEPRECATED_OBJC_IMPLEMENTATIONS = YES;
				CLANG_WARN_DIRECT_OBJC_ISA_USAGE = YES_ERROR;
				CLANG_WARN_DOCUMENTATION_COMMENTS = YES;
				CLANG_WARN_EMPTY_BODY = YES;
				CLANG_WARN_ENUM_CONVERSION = YES;
				CLANG_WARN_INFINITE_RECURSION = YES;
				CLANG_WARN_INT_CONVERSION = YES;
				CLANG_WARN_NON_LITERAL_NULL_CONVERSION = YES;
				CLANG_WARN_OBJC_IMPLICIT_RETAIN_SELF = YES;
				CLANG_WARN_OBJC_LITERAL_CONVERSION = YES;
				CLANG_WARN_OBJC_ROOT_CLASS = YES_ERROR;
				CLANG_WARN_QUOTED_INCLUDE_IN_FRAMEWORK_HEADER = YES;
				CLANG_WARN_RANGE_LOOP_ANALYSIS = YES;
				CLANG_WARN_STRICT_PROTOTYPES = YES;
				CLANG_WARN_SUSPICIOUS_MOVE = YES;
				CLANG_WARN_UNGUARDED_AVAILABILITY = YES_AGGRESSIVE;
				CLANG_WARN_UNREACHABLE_CODE = YES;
				CLANG_WARN__DUPLICATE_METHOD_MATCH = YES;
				COPY_PHASE_STRIP = NO;
				DEBUG_INFORMATION_FORMAT = dwarf;
				ENABLE_STRICT_OBJC_MSGSEND = YES;
				ENABLE_TESTABILITY = YES;
				GCC_C_LANGUAGE_STANDARD = gnu11;
				GCC_DYNAMIC_NO_PIC = NO;
				GCC_NO_COMMON_BLOCKS = YES;
				GCC_OPTIMIZATION_LEVEL = 0;
				GCC_PREPROCESSOR_DEFINITIONS = (
					"DEBUG=1",
					"$(inherited)",
				);
				GCC_WARN_64_TO_32_BIT_CONVERSION = YES;
				GCC_WARN_ABOUT_RETURN_TYPE = YES_ERROR;
				GCC_WARN_UNDECLARED_SELECTOR = YES;
				GCC_WARN_UNINITIALIZED_AUTOS = YES_AGGRESSIVE;
				GCC_WARN_UNUSED_FUNCTION = YES;
				GCC_WARN_UNUSED_VARIABLE = YES;
				IPHONEOS_DEPLOYMENT_TARGET = 15.0;
				MTL_ENABLE_DEBUG_INFO = INCLUDE_SOURCE;
				MTL_FAST_MATH = YES;
				ONLY_ACTIVE_ARCH = YES;
				SDKROOT = iphoneos;
				SWIFT_ACTIVE_COMPILATION_CONDITIONS = DEBUG;
				SWIFT_OPTIMIZATION_LEVEL = "-Onone";
			};
			name = Debug;
		};
		9942153826E26E52007F635F /* Release */ = {
			isa = XCBuildConfiguration;
			buildSettings = {
				ALWAYS_SEARCH_USER_PATHS = NO;
				CLANG_ANALYZER_NONNULL = YES;
				CLANG_ANALYZER_NUMBER_OBJECT_CONVERSION = YES_AGGRESSIVE;
				CLANG_CXX_LANGUAGE_STANDARD = "gnu++17";
				CLANG_CXX_LIBRARY = "libc++";
				CLANG_ENABLE_MODULES = YES;
				CLANG_ENABLE_OBJC_ARC = YES;
				CLANG_ENABLE_OBJC_WEAK = YES;
				CLANG_WARN_BLOCK_CAPTURE_AUTORELEASING = YES;
				CLANG_WARN_BOOL_CONVERSION = YES;
				CLANG_WARN_COMMA = YES;
				CLANG_WARN_CONSTANT_CONVERSION = YES;
				CLANG_WARN_DEPRECATED_OBJC_IMPLEMENTATIONS = YES;
				CLANG_WARN_DIRECT_OBJC_ISA_USAGE = YES_ERROR;
				CLANG_WARN_DOCUMENTATION_COMMENTS = YES;
				CLANG_WARN_EMPTY_BODY = YES;
				CLANG_WARN_ENUM_CONVERSION = YES;
				CLANG_WARN_INFINITE_RECURSION = YES;
				CLANG_WARN_INT_CONVERSION = YES;
				CLANG_WARN_NON_LITERAL_NULL_CONVERSION = YES;
				CLANG_WARN_OBJC_IMPLICIT_RETAIN_SELF = YES;
				CLANG_WARN_OBJC_LITERAL_CONVERSION = YES;
				CLANG_WARN_OBJC_ROOT_CLASS = YES_ERROR;
				CLANG_WARN_QUOTED_INCLUDE_IN_FRAMEWORK_HEADER = YES;
				CLANG_WARN_RANGE_LOOP_ANALYSIS = YES;
				CLANG_WARN_STRICT_PROTOTYPES = YES;
				CLANG_WARN_SUSPICIOUS_MOVE = YES;
				CLANG_WARN_UNGUARDED_AVAILABILITY = YES_AGGRESSIVE;
				CLANG_WARN_UNREACHABLE_CODE = YES;
				CLANG_WARN__DUPLICATE_METHOD_MATCH = YES;
				COPY_PHASE_STRIP = NO;
				DEBUG_INFORMATION_FORMAT = "dwarf-with-dsym";
				ENABLE_NS_ASSERTIONS = NO;
				ENABLE_STRICT_OBJC_MSGSEND = YES;
				GCC_C_LANGUAGE_STANDARD = gnu11;
				GCC_NO_COMMON_BLOCKS = YES;
				GCC_WARN_64_TO_32_BIT_CONVERSION = YES;
				GCC_WARN_ABOUT_RETURN_TYPE = YES_ERROR;
				GCC_WARN_UNDECLARED_SELECTOR = YES;
				GCC_WARN_UNINITIALIZED_AUTOS = YES_AGGRESSIVE;
				GCC_WARN_UNUSED_FUNCTION = YES;
				GCC_WARN_UNUSED_VARIABLE = YES;
				IPHONEOS_DEPLOYMENT_TARGET = 15.0;
				MTL_ENABLE_DEBUG_INFO = NO;
				MTL_FAST_MATH = YES;
				SDKROOT = iphoneos;
				SWIFT_COMPILATION_MODE = wholemodule;
				SWIFT_OPTIMIZATION_LEVEL = "-O";
				VALIDATE_PRODUCT = YES;
			};
			name = Release;
		};
		9942153A26E26E52007F635F /* Debug */ = {
			isa = XCBuildConfiguration;
			baseConfigurationReference = 34456509ABAB73754E2E8CFF /* Pods-UI_project.debug.xcconfig */;
			buildSettings = {
				ASSETCATALOG_COMPILER_APPICON_NAME = AppIcon;
				ASSETCATALOG_COMPILER_GLOBAL_ACCENT_COLOR_NAME = AccentColor;
				CODE_SIGN_STYLE = Automatic;
				CURRENT_PROJECT_VERSION = 1;
				DEVELOPMENT_TEAM = JBFRNM88TE;
				GENERATE_INFOPLIST_FILE = YES;
				INFOPLIST_FILE = UI_project/Info.plist;
				INFOPLIST_KEY_UIApplicationSupportsIndirectInputEvents = YES;
				INFOPLIST_KEY_UILaunchStoryboardName = LaunchScreen;
				INFOPLIST_KEY_UIMainStoryboardFile = Main;
				INFOPLIST_KEY_UISupportedInterfaceOrientations_iPad = "UIInterfaceOrientationPortrait UIInterfaceOrientationPortraitUpsideDown UIInterfaceOrientationLandscapeLeft UIInterfaceOrientationLandscapeRight";
				INFOPLIST_KEY_UISupportedInterfaceOrientations_iPhone = "UIInterfaceOrientationPortrait UIInterfaceOrientationLandscapeLeft UIInterfaceOrientationLandscapeRight";
				LD_RUNPATH_SEARCH_PATHS = (
					"$(inherited)",
					"@executable_path/Frameworks",
				);
				MARKETING_VERSION = 1.0;
				PRODUCT_BUNDLE_IDENTIFIER = "dsplatonov.UI-project";
				PRODUCT_NAME = "$(TARGET_NAME)";
				SWIFT_EMIT_LOC_STRINGS = YES;
				SWIFT_VERSION = 5.0;
				TARGETED_DEVICE_FAMILY = "1,2";
			};
			name = Debug;
		};
		9942153B26E26E52007F635F /* Release */ = {
			isa = XCBuildConfiguration;
			baseConfigurationReference = 0DD6F1BEBF5B238051552E2E /* Pods-UI_project.release.xcconfig */;
			buildSettings = {
				ASSETCATALOG_COMPILER_APPICON_NAME = AppIcon;
				ASSETCATALOG_COMPILER_GLOBAL_ACCENT_COLOR_NAME = AccentColor;
				CODE_SIGN_STYLE = Automatic;
				CURRENT_PROJECT_VERSION = 1;
				DEVELOPMENT_TEAM = JBFRNM88TE;
				GENERATE_INFOPLIST_FILE = YES;
				INFOPLIST_FILE = UI_project/Info.plist;
				INFOPLIST_KEY_UIApplicationSupportsIndirectInputEvents = YES;
				INFOPLIST_KEY_UILaunchStoryboardName = LaunchScreen;
				INFOPLIST_KEY_UIMainStoryboardFile = Main;
				INFOPLIST_KEY_UISupportedInterfaceOrientations_iPad = "UIInterfaceOrientationPortrait UIInterfaceOrientationPortraitUpsideDown UIInterfaceOrientationLandscapeLeft UIInterfaceOrientationLandscapeRight";
				INFOPLIST_KEY_UISupportedInterfaceOrientations_iPhone = "UIInterfaceOrientationPortrait UIInterfaceOrientationLandscapeLeft UIInterfaceOrientationLandscapeRight";
				LD_RUNPATH_SEARCH_PATHS = (
					"$(inherited)",
					"@executable_path/Frameworks",
				);
				MARKETING_VERSION = 1.0;
				PRODUCT_BUNDLE_IDENTIFIER = "dsplatonov.UI-project";
				PRODUCT_NAME = "$(TARGET_NAME)";
				SWIFT_EMIT_LOC_STRINGS = YES;
				SWIFT_VERSION = 5.0;
				TARGETED_DEVICE_FAMILY = "1,2";
			};
			name = Release;
		};
/* End XCBuildConfiguration section */

/* Begin XCConfigurationList section */
		9942152026E26E51007F635F /* Build configuration list for PBXProject "UI_project" */ = {
			isa = XCConfigurationList;
			buildConfigurations = (
				9942153726E26E52007F635F /* Debug */,
				9942153826E26E52007F635F /* Release */,
			);
			defaultConfigurationIsVisible = 0;
			defaultConfigurationName = Release;
		};
		9942153926E26E52007F635F /* Build configuration list for PBXNativeTarget "UI_project" */ = {
			isa = XCConfigurationList;
			buildConfigurations = (
				9942153A26E26E52007F635F /* Debug */,
				9942153B26E26E52007F635F /* Release */,
			);
			defaultConfigurationIsVisible = 0;
			defaultConfigurationName = Release;
		};
/* End XCConfigurationList section */

/* Begin XCRemoteSwiftPackageReference section */
		993A444227282E5C00037674 /* XCRemoteSwiftPackageReference "realm-cocoa" */ = {
			isa = XCRemoteSwiftPackageReference;
			repositoryURL = "https://github.com/realm/realm-cocoa.git";
			requirement = {
				kind = upToNextMajorVersion;
				minimumVersion = 5.0.0;
			};
		};
		99F14FAC2727F0F800BC0A8F /* XCRemoteSwiftPackageReference "SwiftKeychainWrapper" */ = {
			isa = XCRemoteSwiftPackageReference;
			repositoryURL = "https://github.com/jrendel/SwiftKeychainWrapper.git";
			requirement = {
				kind = upToNextMajorVersion;
				minimumVersion = 4.0.0;
			};
		};
/* End XCRemoteSwiftPackageReference section */

/* Begin XCSwiftPackageProductDependency section */
		993A444327282E5C00037674 /* Realm */ = {
			isa = XCSwiftPackageProductDependency;
			package = 993A444227282E5C00037674 /* XCRemoteSwiftPackageReference "realm-cocoa" */;
			productName = Realm;
		};
		993A444527282E5C00037674 /* RealmSwift */ = {
			isa = XCSwiftPackageProductDependency;
			package = 993A444227282E5C00037674 /* XCRemoteSwiftPackageReference "realm-cocoa" */;
			productName = RealmSwift;
		};
		99F14FAD2727F0F800BC0A8F /* SwiftKeychainWrapper */ = {
			isa = XCSwiftPackageProductDependency;
			package = 99F14FAC2727F0F800BC0A8F /* XCRemoteSwiftPackageReference "SwiftKeychainWrapper" */;
			productName = SwiftKeychainWrapper;
		};
/* End XCSwiftPackageProductDependency section */
	};
	rootObject = 9942151D26E26E51007F635F /* Project object */;
}
